
Microsoft Visual Studio Solution File, Format Version 12.00
# Visual Studio Version 17
VisualStudioVersion = 17.3.32922.545
MinimumVisualStudioVersion = 10.0.40219.1
Project("{FAE04EC0-301F-11D3-BF4B-00C04F79EFBC}") = "Noviembre.web", "Noviembre.web\Noviembre.web.csproj", "{7F99BC11-4756-419C-AB91-805E3415AD41}"
EndProject
Project("{FAE04EC0-301F-11D3-BF4B-00C04F79EFBC}") = "Noviembre.Core", "Noviembre.Core\Noviembre.Core.csproj", "{C5ECB26A-3C37-45D4-A89A-DB9755685FFD}"
EndProject
Global
	GlobalSection(SolutionConfigurationPlatforms) = preSolution
		Debug|Any CPU = Debug|Any CPU
		Release|Any CPU = Release|Any CPU
	EndGlobalSection
	GlobalSection(ProjectConfigurationPlatforms) = postSolution
		{7F99BC11-4756-419C-AB91-805E3415AD41}.Debug|Any CPU.ActiveCfg = Debug|Any CPU
		{7F99BC11-4756-419C-AB91-805E3415AD41}.Debug|Any CPU.Build.0 = Debug|Any CPU
		{7F99BC11-4756-419C-AB91-805E3415AD41}.Release|Any CPU.ActiveCfg = Release|Any CPU
		{7F99BC11-4756-419C-AB91-805E3415AD41}.Release|Any CPU.Build.0 = Release|Any CPU
		{C5ECB26A-3C37-45D4-A89A-DB9755685FFD}.Debug|Any CPU.ActiveCfg = Debug|Any CPU
		{C5ECB26A-3C37-45D4-A89A-DB9755685FFD}.Debug|Any CPU.Build.0 = Debug|Any CPU
		{C5ECB26A-3C37-45D4-A89A-DB9755685FFD}.Release|Any CPU.ActiveCfg = Release|Any CPU
		{C5ECB26A-3C37-45D4-A89A-DB9755685FFD}.Release|Any CPU.Build.0 = Release|Any CPU
	EndGlobalSection
	GlobalSection(SolutionProperties) = preSolution
		HideSolutionNode = FALSE
	EndGlobalSection
	GlobalSection(ExtensibilityGlobals) = postSolution
		SolutionGuid = {1CBC1E90-29BA-4C78-8874-2AA22CF88F3C}
	EndGlobalSection
EndGlobal
